// !$*UTF8*$!
{
	archiveVersion = 1;
	classes = {
	};
	objectVersion = 50;
	objects = {

/* Begin PBXBuildFile section */
		DE2CB749211B371C004DDD25 /* RNMultipleShare.m in Sources */ = {isa = PBXBuildFile; fileRef = DE2CB748211B371C004DDD25 /* RNMultipleShare.m */; };
		DE2CB74A211B371C004DDD25 /* RNMultipleShare.h in CopyFiles */ = {isa = PBXBuildFile; fileRef = DE2CB747211B371C004DDD25 /* RNMultipleShare.h */; };
		DE2CB886211B5992004DDD25 /* MultipleShareItem.m in Sources */ = {isa = PBXBuildFile; fileRef = DE2CB885211B5992004DDD25 /* MultipleShareItem.m */; };
/* End PBXBuildFile section */

/* Begin PBXCopyFilesBuildPhase section */
		DE2CB742211B371C004DDD25 /* CopyFiles */ = {
			isa = PBXCopyFilesBuildPhase;
			buildActionMask = 2147483647;
			dstPath = "include/$(PRODUCT_NAME)";
			dstSubfolderSpec = 16;
			files = (
				DE2CB74A211B371C004DDD25 /* RNMultipleShare.h in CopyFiles */,
			);
			runOnlyForDeploymentPostprocessing = 0;
		};
/* End PBXCopyFilesBuildPhase section */

/* Begin PBXFileReference section */
		DE2CB744211B371C004DDD25 /* libRNMultipleShare.a */ = {isa = PBXFileReference; explicitFileType = archive.ar; includeInIndex = 0; path = libRNMultipleShare.a; sourceTree = BUILT_PRODUCTS_DIR; };
		DE2CB747211B371C004DDD25 /* RNMultipleShare.h */ = {isa = PBXFileReference; lastKnownFileType = sourcecode.c.h; path = RNMultipleShare.h; sourceTree = "<group>"; };
		DE2CB748211B371C004DDD25 /* RNMultipleShare.m */ = {isa = PBXFileReference; lastKnownFileType = sourcecode.c.objc; path = RNMultipleShare.m; sourceTree = "<group>"; };
		DE2CB884211B597F004DDD25 /* MultipleShareItem.h */ = {isa = PBXFileReference; lastKnownFileType = sourcecode.c.h; path = MultipleShareItem.h; sourceTree = "<group>"; };
		DE2CB885211B5992004DDD25 /* MultipleShareItem.m */ = {isa = PBXFileReference; lastKnownFileType = sourcecode.c.objc; path = MultipleShareItem.m; sourceTree = "<group>"; };
/* End PBXFileReference section */

/* Begin PBXFrameworksBuildPhase section */
		DE2CB741211B371C004DDD25 /* Frameworks */ = {
			isa = PBXFrameworksBuildPhase;
			buildActionMask = 2147483647;
			files = (
			);
			runOnlyForDeploymentPostprocessing = 0;
		};
/* End PBXFrameworksBuildPhase section */

/* Begin PBXGroup section */
		DE2CB73B211B371C004DDD25 = {
			isa = PBXGroup;
			children = (
				DE2CB746211B371C004DDD25 /* RNMultipleShare */,
				DE2CB745211B371C004DDD25 /* Products */,
			);
			sourceTree = "<group>";
		};
		DE2CB745211B371C004DDD25 /* Products */ = {
			isa = PBXGroup;
			children = (
				DE2CB744211B371C004DDD25 /* libRNMultipleShare.a */,
			);
			name = Products;
			sourceTree = "<group>";
		};
		DE2CB746211B371C004DDD25 /* RNMultipleShare */ = {
			isa = PBXGroup;
			children = (
				DE2CB747211B371C004DDD25 /* RNMultipleShare.h */,
				DE2CB748211B371C004DDD25 /* RNMultipleShare.m */,
				DE2CB884211B597F004DDD25 /* MultipleShareItem.h */,
				DE2CB885211B5992004DDD25 /* MultipleShareItem.m */,
			);
			path = RNMultipleShare;
			sourceTree = "<group>";
		};
/* End PBXGroup section */

/* Begin PBXNativeTarget section */
		DE2CB743211B371C004DDD25 /* RNMultipleShare */ = {
			isa = PBXNativeTarget;
			buildConfigurationList = DE2CB74D211B371C004DDD25 /* Build configuration list for PBXNativeTarget "RNMultipleShare" */;
			buildPhases = (
				DE2CB740211B371C004DDD25 /* Sources */,
				DE2CB741211B371C004DDD25 /* Frameworks */,
				DE2CB742211B371C004DDD25 /* CopyFiles */,
			);
			buildRules = (
			);
			dependencies = (
			);
			name = RNMultipleShare;
			productName = RNMultipleShare;
			productReference = DE2CB744211B371C004DDD25 /* libRNMultipleShare.a */;
			productType = "com.apple.product-type.library.static";
		};
/* End PBXNativeTarget section */

/* Begin PBXProject section */
		DE2CB73C211B371C004DDD25 /* Project object */ = {
			isa = PBXProject;
			attributes = {
				LastUpgradeCheck = 0940;
				ORGANIZATIONNAME = Nevo;
				TargetAttributes = {
					DE2CB743211B371C004DDD25 = {
						CreatedOnToolsVersion = 9.4.1;
					};
				};
			};
			buildConfigurationList = DE2CB73F211B371C004DDD25 /* Build configuration list for PBXProject "RNMultipleShare" */;
			compatibilityVersion = "Xcode 9.3";
			developmentRegion = en;
			hasScannedForEncodings = 0;
			knownRegions = (
				en,
			);
			mainGroup = DE2CB73B211B371C004DDD25;
			productRefGroup = DE2CB745211B371C004DDD25 /* Products */;
			projectDirPath = "";
			projectRoot = "";
			targets = (
				DE2CB743211B371C004DDD25 /* RNMultipleShare */,
			);
		};
/* End PBXProject section */

/* Begin PBXSourcesBuildPhase section */
		DE2CB740211B371C004DDD25 /* Sources */ = {
			isa = PBXSourcesBuildPhase;
			buildActionMask = 2147483647;
			files = (
				DE2CB886211B5992004DDD25 /* MultipleShareItem.m in Sources */,
				DE2CB749211B371C004DDD25 /* RNMultipleShare.m in Sources */,
			);
			runOnlyForDeploymentPostprocessing = 0;
		};
/* End PBXSourcesBuildPhase section */

/* Begin XCBuildConfiguration section */
		DE2CB74B211B371C004DDD25 /* Debug */ = {
			isa = XCBuildConfiguration;
			buildSettings = {
				ALWAYS_SEARCH_USER_PATHS = NO;
				CLANG_ANALYZER_NONNULL = YES;
				CLANG_ANALYZER_NUMBER_OBJECT_CONVERSION = YES_AGGRESSIVE;
				CLANG_CXX_LANGUAGE_STANDARD = "gnu++14";
				CLANG_CXX_LIBRARY = "libc++";
				CLANG_ENABLE_MODULES = YES;
				CLANG_ENABLE_OBJC_ARC = YES;
				CLANG_ENABLE_OBJC_WEAK = YES;
				CLANG_WARN_BLOCK_CAPTURE_AUTORELEASING = YES;
				CLANG_WARN_BOOL_CONVERSION = YES;
				CLANG_WARN_COMMA = YES;
				CLANG_WARN_CONSTANT_CONVERSION = YES;
				CLANG_WARN_DEPRECATED_OBJC_IMPLEMENTATIONS = YES;
				CLANG_WARN_DIRECT_OBJC_ISA_USAGE = YES_ERROR;
				CLANG_WARN_DOCUMENTATION_COMMENTS = YES;
				CLANG_WARN_EMPTY_BODY = YES;
				CLANG_WARN_ENUM_CONVERSION = YES;
				CLANG_WARN_INFINITE_RECURSION = YES;
				CLANG_WARN_INT_CONVERSION = YES;
				CLANG_WARN_NON_LITERAL_NULL_CONVERSION = YES;
				CLANG_WARN_OBJC_IMPLICIT_RETAIN_SELF = YES;
				CLANG_WARN_OBJC_LITERAL_CONVERSION = YES;
				CLANG_WARN_OBJC_ROOT_CLASS = YES_ERROR;
				CLANG_WARN_RANGE_LOOP_ANALYSIS = YES;
				CLANG_WARN_STRICT_PROTOTYPES = YES;
				CLANG_WARN_SUSPICIOUS_MOVE = YES;
				CLANG_WARN_UNGUARDED_AVAILABILITY = YES_AGGRESSIVE;
				CLANG_WARN_UNREACHABLE_CODE = YES;
				CLANG_WARN__DUPLICATE_METHOD_MATCH = YES;
				CODE_SIGN_IDENTITY = "iPhone Developer";
				COPY_PHASE_STRIP = NO;
				DEBUG_INFORMATION_FORMAT = dwarf;
				ENABLE_STRICT_OBJC_MSGSEND = YES;
				ENABLE_TESTABILITY = YES;
				GCC_C_LANGUAGE_STANDARD = gnu11;
				GCC_DYNAMIC_NO_PIC = NO;
				GCC_NO_COMMON_BLOCKS = YES;
				GCC_OPTIMIZATION_LEVEL = 0;
				GCC_PREPROCESSOR_DEFINITIONS = (
					"DEBUG=1",
					"$(inherited)",
				);
				GCC_WARN_64_TO_32_BIT_CONVERSION = YES;
				GCC_WARN_ABOUT_RETURN_TYPE = YES_ERROR;
				GCC_WARN_UNDECLARED_SELECTOR = YES;
				GCC_WARN_UNINITIALIZED_AUTOS = YES_AGGRESSIVE;
				GCC_WARN_UNUSED_FUNCTION = YES;
				GCC_WARN_UNUSED_VARIABLE = YES;
				IPHONEOS_DEPLOYMENT_TARGET = 10.1;
				MTL_ENABLE_DEBUG_INFO = YES;
				ONLY_ACTIVE_ARCH = YES;
				SDKROOT = iphoneos;
			};
			name = Debug;
		};
		DE2CB74C211B371C004DDD25 /* Release */ = {
			isa = XCBuildConfiguration;
			buildSettings = {
				ALWAYS_SEARCH_USER_PATHS = NO;
				CLANG_ANALYZER_NONNULL = YES;
				CLANG_ANALYZER_NUMBER_OBJECT_CONVERSION = YES_AGGRESSIVE;
				CLANG_CXX_LANGUAGE_STANDARD = "gnu++14";
				CLANG_CXX_LIBRARY = "libc++";
				CLANG_ENABLE_MODULES = YES;
				CLANG_ENABLE_OBJC_ARC = YES;
				CLANG_ENABLE_OBJC_WEAK = YES;
				CLANG_WARN_BLOCK_CAPTURE_AUTORELEASING = YES;
				CLANG_WARN_BOOL_CONVERSION = YES;
				CLANG_WARN_COMMA = YES;
				CLANG_WARN_CONSTANT_CONVERSION = YES;
				CLANG_WARN_DEPRECATED_OBJC_IMPLEMENTATIONS = YES;
				CLANG_WARN_DIRECT_OBJC_ISA_USAGE = YES_ERROR;
				CLANG_WARN_DOCUMENTATION_COMMENTS = YES;
				CLANG_WARN_EMPTY_BODY = YES;
				CLANG_WARN_ENUM_CONVERSION = YES;
				CLANG_WARN_INFINITE_RECURSION = YES;
				CLANG_WARN_INT_CONVERSION = YES;
				CLANG_WARN_NON_LITERAL_NULL_CONVERSION = YES;
				CLANG_WARN_OBJC_IMPLICIT_RETAIN_SELF = YES;
				CLANG_WARN_OBJC_LITERAL_CONVERSION = YES;
				CLANG_WARN_OBJC_ROOT_CLASS = YES_ERROR;
				CLANG_WARN_RANGE_LOOP_ANALYSIS = YES;
				CLANG_WARN_STRICT_PROTOTYPES = YES;
				CLANG_WARN_SUSPICIOUS_MOVE = YES;
				CLANG_WARN_UNGUARDED_AVAILABILITY = YES_AGGRESSIVE;
				CLANG_WARN_UNREACHABLE_CODE = YES;
				CLANG_WARN__DUPLICATE_METHOD_MATCH = YES;
				CODE_SIGN_IDENTITY = "iPhone Developer";
				COPY_PHASE_STRIP = NO;
				DEBUG_INFORMATION_FORMAT = "dwarf-with-dsym";
				ENABLE_NS_ASSERTIONS = NO;
				ENABLE_STRICT_OBJC_MSGSEND = YES;
				GCC_C_LANGUAGE_STANDARD = gnu11;
				GCC_NO_COMMON_BLOCKS = YES;
				GCC_WARN_64_TO_32_BIT_CONVERSION = YES;
				GCC_WARN_ABOUT_RETURN_TYPE = YES_ERROR;
				GCC_WARN_UNDECLARED_SELECTOR = YES;
				GCC_WARN_UNINITIALIZED_AUTOS = YES_AGGRESSIVE;
				GCC_WARN_UNUSED_FUNCTION = YES;
				GCC_WARN_UNUSED_VARIABLE = YES;
				IPHONEOS_DEPLOYMENT_TARGET = 10.1;
				MTL_ENABLE_DEBUG_INFO = NO;
				ONLY_ACTIVE_ARCH = NO;
				SDKROOT = iphoneos;
				VALIDATE_PRODUCT = YES;
			};
			name = Release;
		};
		DE2CB74E211B371C004DDD25 /* Debug */ = {
			isa = XCBuildConfiguration;
			buildSettings = {
				CODE_SIGN_STYLE = Automatic;
				OTHER_LDFLAGS = "-ObjC";
				PRODUCT_NAME = "$(TARGET_NAME)";
				SKIP_INSTALL = YES;
				TARGETED_DEVICE_FAMILY = "1,2";
			};
			name = Debug;
		};
		DE2CB74F211B371C004DDD25 /* Release */ = {
			isa = XCBuildConfiguration;
			buildSettings = {
				CODE_SIGN_STYLE = Automatic;
				OTHER_LDFLAGS = "-ObjC";
				PRODUCT_NAME = "$(TARGET_NAME)";
				SKIP_INSTALL = YES;
				TARGETED_DEVICE_FAMILY = "1,2";
			};
			name = Release;
		};
/* End XCBuildConfiguration section */

/* Begin XCConfigurationList section */
		DE2CB73F211B371C004DDD25 /* Build configuration list for PBXProject "RNMultipleShare" */ = {
			isa = XCConfigurationList;
			buildConfigurations = (
				DE2CB74B211B371C004DDD25 /* Debug */,
				DE2CB74C211B371C004DDD25 /* Release */,
			);
			defaultConfigurationIsVisible = 0;
			defaultConfigurationName = Release;
		};
		DE2CB74D211B371C004DDD25 /* Build configuration list for PBXNativeTarget "RNMultipleShare" */ = {
			isa = XCConfigurationList;
			buildConfigurations = (
				DE2CB74E211B371C004DDD25 /* Debug */,
				DE2CB74F211B371C004DDD25 /* Release */,
			);
			defaultConfigurationIsVisible = 0;
			defaultConfigurationName = Release;
		};
/* End XCConfigurationList section */
	};
	rootObject = DE2CB73C211B371C004DDD25 /* Project object */;
}
