// !$*UTF8*$!
{
	archiveVersion = 1;
	classes = {
	};
	objectVersion = 50;
	objects = {

/* Begin PBXBuildFile section */
		DE2CB749211B371C004DDD25 /* RNMultipleShare.m in Sources */ = {isa = PBXBuildFile; fileRef = DE2CB748211B371C004DDD25 /* RNMultipleShare.m */; };
		DE2CB74A211B371C004DDD25 /* RNMultipleShare.h in Copy Files */ = {isa = PBXBuildFile; fileRef = DE2CB747211B371C004DDD25 /* RNMultipleShare.h */; };
		DE2CB886211B5992004DDD25 /* MultipleShareItem.m in Sources */ = {isa = PBXBuildFile; fileRef = DE2CB885211B5992004DDD25 /* MultipleShareItem.m */; };
		DEE70C1A21228B30005AF331 /* AFHTTPSessionManager.m in Sources */ = {isa = PBXBuildFile; fileRef = DEE70C0C21228B2F005AF331 /* AFHTTPSessionManager.m */; };
		DEE70C1B21228B30005AF331 /* AFNetworkReachabilityManager.m in Sources */ = {isa = PBXBuildFile; fileRef = DEE70C1021228B30005AF331 /* AFNetworkReachabilityManager.m */; };
		DEE70C1C21228B30005AF331 /* AFURLSessionManager.m in Sources */ = {isa = PBXBuildFile; fileRef = DEE70C1221228B30005AF331 /* AFURLSessionManager.m */; };
		DEE70C1D21228B30005AF331 /* AFSecurityPolicy.m in Sources */ = {isa = PBXBuildFile; fileRef = DEE70C1721228B30005AF331 /* AFSecurityPolicy.m */; };
		DEE70C1E21228B30005AF331 /* AFURLResponseSerialization.m in Sources */ = {isa = PBXBuildFile; fileRef = DEE70C1821228B30005AF331 /* AFURLResponseSerialization.m */; };
		DEE70C1F21228B30005AF331 /* AFURLRequestSerialization.m in Sources */ = {isa = PBXBuildFile; fileRef = DEE70C1921228B30005AF331 /* AFURLRequestSerialization.m */; };
		DEE70C972122A337005AF331 /* DownloadTask.m in Sources */ = {isa = PBXBuildFile; fileRef = DEE70C962122A337005AF331 /* DownloadTask.m */; };
		DEE70C9A2122A4E8005AF331 /* DownloadTaskManager.m in Sources */ = {isa = PBXBuildFile; fileRef = DEE70C992122A4E8005AF331 /* DownloadTaskManager.m */; };
/* End PBXBuildFile section */

/* Begin PBXCopyFilesBuildPhase section */
		DE2CB742211B371C004DDD25 /* Copy Files */ = {
			isa = PBXCopyFilesBuildPhase;
			buildActionMask = 2147483647;
			dstPath = "include/$(PRODUCT_NAME)";
			dstSubfolderSpec = 16;
			files = (
				DE2CB74A211B371C004DDD25 /* RNMultipleShare.h in Copy Files */,
			);
			name = "Copy Files";
			runOnlyForDeploymentPostprocessing = 0;
		};
/* End PBXCopyFilesBuildPhase section */

/* Begin PBXFileReference section */
		DE2CB744211B371C004DDD25 /* libRNMultipleShare.a */ = {isa = PBXFileReference; explicitFileType = archive.ar; includeInIndex = 0; path = libRNMultipleShare.a; sourceTree = BUILT_PRODUCTS_DIR; };
		DE2CB747211B371C004DDD25 /* RNMultipleShare.h */ = {isa = PBXFileReference; lastKnownFileType = sourcecode.c.h; path = RNMultipleShare.h; sourceTree = "<group>"; };
		DE2CB748211B371C004DDD25 /* RNMultipleShare.m */ = {isa = PBXFileReference; lastKnownFileType = sourcecode.c.objc; path = RNMultipleShare.m; sourceTree = "<group>"; };
		DE2CB884211B597F004DDD25 /* MultipleShareItem.h */ = {isa = PBXFileReference; lastKnownFileType = sourcecode.c.h; path = MultipleShareItem.h; sourceTree = "<group>"; };
		DE2CB885211B5992004DDD25 /* MultipleShareItem.m */ = {isa = PBXFileReference; lastKnownFileType = sourcecode.c.objc; path = MultipleShareItem.m; sourceTree = "<group>"; };
		DEE70C0C21228B2F005AF331 /* AFHTTPSessionManager.m */ = {isa = PBXFileReference; fileEncoding = 4; lastKnownFileType = sourcecode.c.objc; name = AFHTTPSessionManager.m; path = RNMultipleShare/AFNetworking/AFNetworking/AFHTTPSessionManager.m; sourceTree = "<group>"; };
		DEE70C0D21228B2F005AF331 /* AFURLRequestSerialization.h */ = {isa = PBXFileReference; fileEncoding = 4; lastKnownFileType = sourcecode.c.h; name = AFURLRequestSerialization.h; path = RNMultipleShare/AFNetworking/AFNetworking/AFURLRequestSerialization.h; sourceTree = "<group>"; };
		DEE70C0E21228B2F005AF331 /* AFURLResponseSerialization.h */ = {isa = PBXFileReference; fileEncoding = 4; lastKnownFileType = sourcecode.c.h; name = AFURLResponseSerialization.h; path = RNMultipleShare/AFNetworking/AFNetworking/AFURLResponseSerialization.h; sourceTree = "<group>"; };
		DEE70C0F21228B30005AF331 /* AFCompatibilityMacros.h */ = {isa = PBXFileReference; fileEncoding = 4; lastKnownFileType = sourcecode.c.h; name = AFCompatibilityMacros.h; path = RNMultipleShare/AFNetworking/AFNetworking/AFCompatibilityMacros.h; sourceTree = "<group>"; };
		DEE70C1021228B30005AF331 /* AFNetworkReachabilityManager.m */ = {isa = PBXFileReference; fileEncoding = 4; lastKnownFileType = sourcecode.c.objc; name = AFNetworkReachabilityManager.m; path = RNMultipleShare/AFNetworking/AFNetworking/AFNetworkReachabilityManager.m; sourceTree = "<group>"; };
		DEE70C1121228B30005AF331 /* AFURLSessionManager.h */ = {isa = PBXFileReference; fileEncoding = 4; lastKnownFileType = sourcecode.c.h; name = AFURLSessionManager.h; path = RNMultipleShare/AFNetworking/AFNetworking/AFURLSessionManager.h; sourceTree = "<group>"; };
		DEE70C1221228B30005AF331 /* AFURLSessionManager.m */ = {isa = PBXFileReference; fileEncoding = 4; lastKnownFileType = sourcecode.c.objc; name = AFURLSessionManager.m; path = RNMultipleShare/AFNetworking/AFNetworking/AFURLSessionManager.m; sourceTree = "<group>"; };
		DEE70C1321228B30005AF331 /* AFSecurityPolicy.h */ = {isa = PBXFileReference; fileEncoding = 4; lastKnownFileType = sourcecode.c.h; name = AFSecurityPolicy.h; path = RNMultipleShare/AFNetworking/AFNetworking/AFSecurityPolicy.h; sourceTree = "<group>"; };
		DEE70C1421228B30005AF331 /* AFNetworking.h */ = {isa = PBXFileReference; fileEncoding = 4; lastKnownFileType = sourcecode.c.h; name = AFNetworking.h; path = RNMultipleShare/AFNetworking/AFNetworking/AFNetworking.h; sourceTree = "<group>"; };
		DEE70C1521228B30005AF331 /* AFHTTPSessionManager.h */ = {isa = PBXFileReference; fileEncoding = 4; lastKnownFileType = sourcecode.c.h; name = AFHTTPSessionManager.h; path = RNMultipleShare/AFNetworking/AFNetworking/AFHTTPSessionManager.h; sourceTree = "<group>"; };
		DEE70C1621228B30005AF331 /* AFNetworkReachabilityManager.h */ = {isa = PBXFileReference; fileEncoding = 4; lastKnownFileType = sourcecode.c.h; name = AFNetworkReachabilityManager.h; path = RNMultipleShare/AFNetworking/AFNetworking/AFNetworkReachabilityManager.h; sourceTree = "<group>"; };
		DEE70C1721228B30005AF331 /* AFSecurityPolicy.m */ = {isa = PBXFileReference; fileEncoding = 4; lastKnownFileType = sourcecode.c.objc; name = AFSecurityPolicy.m; path = RNMultipleShare/AFNetworking/AFNetworking/AFSecurityPolicy.m; sourceTree = "<group>"; };
		DEE70C1821228B30005AF331 /* AFURLResponseSerialization.m */ = {isa = PBXFileReference; fileEncoding = 4; lastKnownFileType = sourcecode.c.objc; name = AFURLResponseSerialization.m; path = RNMultipleShare/AFNetworking/AFNetworking/AFURLResponseSerialization.m; sourceTree = "<group>"; };
		DEE70C1921228B30005AF331 /* AFURLRequestSerialization.m */ = {isa = PBXFileReference; fileEncoding = 4; lastKnownFileType = sourcecode.c.objc; name = AFURLRequestSerialization.m; path = RNMultipleShare/AFNetworking/AFNetworking/AFURLRequestSerialization.m; sourceTree = "<group>"; };
		DEE70C962122A337005AF331 /* DownloadTask.m */ = {isa = PBXFileReference; lastKnownFileType = sourcecode.c.objc; path = DownloadTask.m; sourceTree = "<group>"; };
		DEE70C982122A343005AF331 /* DownloadTask.h */ = {isa = PBXFileReference; lastKnownFileType = sourcecode.c.h; path = DownloadTask.h; sourceTree = "<group>"; };
		DEE70C992122A4E8005AF331 /* DownloadTaskManager.m */ = {isa = PBXFileReference; lastKnownFileType = sourcecode.c.objc; path = DownloadTaskManager.m; sourceTree = "<group>"; };
		DEE70C9B2122A4F3005AF331 /* DownloadTaskManager.h */ = {isa = PBXFileReference; lastKnownFileType = sourcecode.c.h; path = DownloadTaskManager.h; sourceTree = "<group>"; };
/* End PBXFileReference section */

/* Begin PBXFrameworksBuildPhase section */
		DE2CB741211B371C004DDD25 /* Frameworks */ = {
			isa = PBXFrameworksBuildPhase;
			buildActionMask = 2147483647;
			files = (
			);
			runOnlyForDeploymentPostprocessing = 0;
		};
/* End PBXFrameworksBuildPhase section */

/* Begin PBXGroup section */
		DE2CB73B211B371C004DDD25 = {
			isa = PBXGroup;
			children = (
				DEE70C01212289FF005AF331 /* AFNetworking */,
				DE2CB746211B371C004DDD25 /* RNMultipleShare */,
				DE2CB745211B371C004DDD25 /* Products */,
			);
			sourceTree = "<group>";
		};
		DE2CB745211B371C004DDD25 /* Products */ = {
			isa = PBXGroup;
			children = (
				DE2CB744211B371C004DDD25 /* libRNMultipleShare.a */,
			);
			name = Products;
			sourceTree = "<group>";
		};
		DE2CB746211B371C004DDD25 /* RNMultipleShare */ = {
			isa = PBXGroup;
			children = (
				DE2CB747211B371C004DDD25 /* RNMultipleShare.h */,
				DE2CB748211B371C004DDD25 /* RNMultipleShare.m */,
				DE2CB884211B597F004DDD25 /* MultipleShareItem.h */,
				DE2CB885211B5992004DDD25 /* MultipleShareItem.m */,
				DEE70C962122A337005AF331 /* DownloadTask.m */,
				DEE70C982122A343005AF331 /* DownloadTask.h */,
				DEE70C992122A4E8005AF331 /* DownloadTaskManager.m */,
				DEE70C9B2122A4F3005AF331 /* DownloadTaskManager.h */,
			);
			path = RNMultipleShare;
			sourceTree = "<group>";
		};
		DEE70C01212289FF005AF331 /* AFNetworking */ = {
			isa = PBXGroup;
			children = (
				DEE70C0A21228B17005AF331 /* AFNetworking */,
			);
			name = AFNetworking;
			sourceTree = "<group>";
		};
		DEE70C0A21228B17005AF331 /* AFNetworking */ = {
			isa = PBXGroup;
			children = (
				DEE70C0F21228B30005AF331 /* AFCompatibilityMacros.h */,
				DEE70C1521228B30005AF331 /* AFHTTPSessionManager.h */,
				DEE70C0C21228B2F005AF331 /* AFHTTPSessionManager.m */,
				DEE70C1421228B30005AF331 /* AFNetworking.h */,
				DEE70C1621228B30005AF331 /* AFNetworkReachabilityManager.h */,
				DEE70C1021228B30005AF331 /* AFNetworkReachabilityManager.m */,
				DEE70C1321228B30005AF331 /* AFSecurityPolicy.h */,
				DEE70C1721228B30005AF331 /* AFSecurityPolicy.m */,
				DEE70C0D21228B2F005AF331 /* AFURLRequestSerialization.h */,
				DEE70C1921228B30005AF331 /* AFURLRequestSerialization.m */,
				DEE70C0E21228B2F005AF331 /* AFURLResponseSerialization.h */,
				DEE70C1821228B30005AF331 /* AFURLResponseSerialization.m */,
				DEE70C1121228B30005AF331 /* AFURLSessionManager.h */,
				DEE70C1221228B30005AF331 /* AFURLSessionManager.m */,
			);
			name = AFNetworking;
			sourceTree = "<group>";
		};
/* End PBXGroup section */

/* Begin PBXNativeTarget section */
		DE2CB743211B371C004DDD25 /* RNMultipleShare */ = {
			isa = PBXNativeTarget;
			buildConfigurationList = DE2CB74D211B371C004DDD25 /* Build configuration list for PBXNativeTarget "RNMultipleShare" */;
			buildPhases = (
				DE2CB740211B371C004DDD25 /* Sources */,
				DE2CB741211B371C004DDD25 /* Frameworks */,
				DE2CB742211B371C004DDD25 /* Copy Files */,
			);
			buildRules = (
			);
			dependencies = (
			);
			name = RNMultipleShare;
			productName = RNMultipleShare;
			productReference = DE2CB744211B371C004DDD25 /* libRNMultipleShare.a */;
			productType = "com.apple.product-type.library.static";
		};
/* End PBXNativeTarget section */

/* Begin PBXProject section */
		DE2CB73C211B371C004DDD25 /* Project object */ = {
			isa = PBXProject;
			attributes = {
				LastUpgradeCheck = 0940;
				ORGANIZATIONNAME = Nevo;
				TargetAttributes = {
					DE2CB743211B371C004DDD25 = {
						CreatedOnToolsVersion = 9.4.1;
					};
				};
			};
			buildConfigurationList = DE2CB73F211B371C004DDD25 /* Build configuration list for PBXProject "RNMultipleShare" */;
			compatibilityVersion = "Xcode 9.3";
			developmentRegion = en;
			hasScannedForEncodings = 0;
			knownRegions = (
				en,
			);
			mainGroup = DE2CB73B211B371C004DDD25;
			productRefGroup = DE2CB745211B371C004DDD25 /* Products */;
			projectDirPath = "";
			projectRoot = "";
			targets = (
				DE2CB743211B371C004DDD25 /* RNMultipleShare */,
			);
		};
/* End PBXProject section */

/* Begin PBXSourcesBuildPhase section */
		DE2CB740211B371C004DDD25 /* Sources */ = {
			isa = PBXSourcesBuildPhase;
			buildActionMask = 2147483647;
			files = (
				DEE70C1C21228B30005AF331 /* AFURLSessionManager.m in Sources */,
				DEE70C1A21228B30005AF331 /* AFHTTPSessionManager.m in Sources */,
				DE2CB886211B5992004DDD25 /* MultipleShareItem.m in Sources */,
				DEE70C9A2122A4E8005AF331 /* DownloadTaskManager.m in Sources */,
				DEE70C1B21228B30005AF331 /* AFNetworkReachabilityManager.m in Sources */,
				DEE70C1D21228B30005AF331 /* AFSecurityPolicy.m in Sources */,
				DEE70C1E21228B30005AF331 /* AFURLResponseSerialization.m in Sources */,
				DE2CB749211B371C004DDD25 /* RNMultipleShare.m in Sources */,
				DEE70C972122A337005AF331 /* DownloadTask.m in Sources */,
				DEE70C1F21228B30005AF331 /* AFURLRequestSerialization.m in Sources */,
			);
			runOnlyForDeploymentPostprocessing = 0;
		};
/* End PBXSourcesBuildPhase section */

/* Begin XCBuildConfiguration section */
		DE2CB74B211B371C004DDD25 /* Debug */ = {
			isa = XCBuildConfiguration;
			buildSettings = {
				ALWAYS_SEARCH_USER_PATHS = NO;
				CLANG_ANALYZER_NONNULL = YES;
				CLANG_ANALYZER_NUMBER_OBJECT_CONVERSION = YES_AGGRESSIVE;
				CLANG_CXX_LANGUAGE_STANDARD = "gnu++14";
				CLANG_CXX_LIBRARY = "libc++";
				CLANG_ENABLE_MODULES = YES;
				CLANG_ENABLE_OBJC_ARC = YES;
				CLANG_ENABLE_OBJC_WEAK = YES;
				CLANG_WARN_BLOCK_CAPTURE_AUTORELEASING = YES;
				CLANG_WARN_BOOL_CONVERSION = YES;
				CLANG_WARN_COMMA = YES;
				CLANG_WARN_CONSTANT_CONVERSION = YES;
				CLANG_WARN_DEPRECATED_OBJC_IMPLEMENTATIONS = YES;
				CLANG_WARN_DIRECT_OBJC_ISA_USAGE = YES_ERROR;
				CLANG_WARN_DOCUMENTATION_COMMENTS = YES;
				CLANG_WARN_EMPTY_BODY = YES;
				CLANG_WARN_ENUM_CONVERSION = YES;
				CLANG_WARN_INFINITE_RECURSION = YES;
				CLANG_WARN_INT_CONVERSION = YES;
				CLANG_WARN_NON_LITERAL_NULL_CONVERSION = YES;
				CLANG_WARN_OBJC_IMPLICIT_RETAIN_SELF = YES;
				CLANG_WARN_OBJC_LITERAL_CONVERSION = YES;
				CLANG_WARN_OBJC_ROOT_CLASS = YES_ERROR;
				CLANG_WARN_RANGE_LOOP_ANALYSIS = YES;
				CLANG_WARN_STRICT_PROTOTYPES = YES;
				CLANG_WARN_SUSPICIOUS_MOVE = YES;
				CLANG_WARN_UNGUARDED_AVAILABILITY = YES_AGGRESSIVE;
				CLANG_WARN_UNREACHABLE_CODE = YES;
				CLANG_WARN__DUPLICATE_METHOD_MATCH = YES;
				CODE_SIGN_IDENTITY = "iPhone Developer";
				COPY_PHASE_STRIP = NO;
				DEBUG_INFORMATION_FORMAT = dwarf;
				ENABLE_STRICT_OBJC_MSGSEND = YES;
				ENABLE_TESTABILITY = YES;
				GCC_C_LANGUAGE_STANDARD = gnu11;
				GCC_DYNAMIC_NO_PIC = NO;
				GCC_NO_COMMON_BLOCKS = YES;
				GCC_OPTIMIZATION_LEVEL = 0;
				GCC_PREPROCESSOR_DEFINITIONS = (
					"DEBUG=1",
					"$(inherited)",
				);
				GCC_WARN_64_TO_32_BIT_CONVERSION = YES;
				GCC_WARN_ABOUT_RETURN_TYPE = YES_ERROR;
				GCC_WARN_UNDECLARED_SELECTOR = YES;
				GCC_WARN_UNINITIALIZED_AUTOS = YES_AGGRESSIVE;
				GCC_WARN_UNUSED_FUNCTION = YES;
				GCC_WARN_UNUSED_VARIABLE = YES;
				IPHONEOS_DEPLOYMENT_TARGET = 10.1;
				MTL_ENABLE_DEBUG_INFO = YES;
				ONLY_ACTIVE_ARCH = YES;
				SDKROOT = iphoneos;
			};
			name = Debug;
		};
		DE2CB74C211B371C004DDD25 /* Release */ = {
			isa = XCBuildConfiguration;
			buildSettings = {
				ALWAYS_SEARCH_USER_PATHS = NO;
				CLANG_ANALYZER_NONNULL = YES;
				CLANG_ANALYZER_NUMBER_OBJECT_CONVERSION = YES_AGGRESSIVE;
				CLANG_CXX_LANGUAGE_STANDARD = "gnu++14";
				CLANG_CXX_LIBRARY = "libc++";
				CLANG_ENABLE_MODULES = YES;
				CLANG_ENABLE_OBJC_ARC = YES;
				CLANG_ENABLE_OBJC_WEAK = YES;
				CLANG_WARN_BLOCK_CAPTURE_AUTORELEASING = YES;
				CLANG_WARN_BOOL_CONVERSION = YES;
				CLANG_WARN_COMMA = YES;
				CLANG_WARN_CONSTANT_CONVERSION = YES;
				CLANG_WARN_DEPRECATED_OBJC_IMPLEMENTATIONS = YES;
				CLANG_WARN_DIRECT_OBJC_ISA_USAGE = YES_ERROR;
				CLANG_WARN_DOCUMENTATION_COMMENTS = YES;
				CLANG_WARN_EMPTY_BODY = YES;
				CLANG_WARN_ENUM_CONVERSION = YES;
				CLANG_WARN_INFINITE_RECURSION = YES;
				CLANG_WARN_INT_CONVERSION = YES;
				CLANG_WARN_NON_LITERAL_NULL_CONVERSION = YES;
				CLANG_WARN_OBJC_IMPLICIT_RETAIN_SELF = YES;
				CLANG_WARN_OBJC_LITERAL_CONVERSION = YES;
				CLANG_WARN_OBJC_ROOT_CLASS = YES_ERROR;
				CLANG_WARN_RANGE_LOOP_ANALYSIS = YES;
				CLANG_WARN_STRICT_PROTOTYPES = YES;
				CLANG_WARN_SUSPICIOUS_MOVE = YES;
				CLANG_WARN_UNGUARDED_AVAILABILITY = YES_AGGRESSIVE;
				CLANG_WARN_UNREACHABLE_CODE = YES;
				CLANG_WARN__DUPLICATE_METHOD_MATCH = YES;
				CODE_SIGN_IDENTITY = "iPhone Developer";
				COPY_PHASE_STRIP = NO;
				DEBUG_INFORMATION_FORMAT = "dwarf-with-dsym";
				ENABLE_NS_ASSERTIONS = NO;
				ENABLE_STRICT_OBJC_MSGSEND = YES;
				GCC_C_LANGUAGE_STANDARD = gnu11;
				GCC_NO_COMMON_BLOCKS = YES;
				GCC_WARN_64_TO_32_BIT_CONVERSION = YES;
				GCC_WARN_ABOUT_RETURN_TYPE = YES_ERROR;
				GCC_WARN_UNDECLARED_SELECTOR = YES;
				GCC_WARN_UNINITIALIZED_AUTOS = YES_AGGRESSIVE;
				GCC_WARN_UNUSED_FUNCTION = YES;
				GCC_WARN_UNUSED_VARIABLE = YES;
				IPHONEOS_DEPLOYMENT_TARGET = 10.1;
				MTL_ENABLE_DEBUG_INFO = NO;
				ONLY_ACTIVE_ARCH = NO;
				SDKROOT = iphoneos;
				VALIDATE_PRODUCT = YES;
			};
			name = Release;
		};
		DE2CB74E211B371C004DDD25 /* Debug */ = {
			isa = XCBuildConfiguration;
			buildSettings = {
				CODE_SIGN_STYLE = Automatic;
				HEADER_SEARCH_PATHS = (
					"$(SRCROOT)/RNMultipleShare/AFNetworking/**",
					"$(SRCROOT)/../../react-native/React/**",
					"$(SRCROOT)/../../../React/**",
				);
				ONLY_ACTIVE_ARCH = YES;
				OTHER_LDFLAGS = "-ObjC";
				PRODUCT_NAME = "$(TARGET_NAME)";
				SKIP_INSTALL = YES;
				TARGETED_DEVICE_FAMILY = "1,2";
			};
			name = Debug;
		};
		DE2CB74F211B371C004DDD25 /* Release */ = {
			isa = XCBuildConfiguration;
			buildSettings = {
				CODE_SIGN_STYLE = Automatic;
				HEADER_SEARCH_PATHS = (
					"$(SRCROOT)/RNMultipleShare/AFNetworking/**",
					"$(SRCROOT)/../../react-native/React/**",
					"$(SRCROOT)/../../../React/**",
				);
				OTHER_LDFLAGS = "-ObjC";
				PRODUCT_NAME = "$(TARGET_NAME)";
				SKIP_INSTALL = YES;
				TARGETED_DEVICE_FAMILY = "1,2";
			};
			name = Release;
		};
/* End XCBuildConfiguration section */

/* Begin XCConfigurationList section */
		DE2CB73F211B371C004DDD25 /* Build configuration list for PBXProject "RNMultipleShare" */ = {
			isa = XCConfigurationList;
			buildConfigurations = (
				DE2CB74B211B371C004DDD25 /* Debug */,
				DE2CB74C211B371C004DDD25 /* Release */,
			);
			defaultConfigurationIsVisible = 0;
			defaultConfigurationName = Release;
		};
		DE2CB74D211B371C004DDD25 /* Build configuration list for PBXNativeTarget "RNMultipleShare" */ = {
			isa = XCConfigurationList;
			buildConfigurations = (
				DE2CB74E211B371C004DDD25 /* Debug */,
				DE2CB74F211B371C004DDD25 /* Release */,
			);
			defaultConfigurationIsVisible = 0;
			defaultConfigurationName = Release;
		};
/* End XCConfigurationList section */
	};
	rootObject = DE2CB73C211B371C004DDD25 /* Project object */;
}
